
Microsoft Visual Studio Solution File, Format Version 12.00
# Visual Studio Version 16
VisualStudioVersion = 16.0.30523.141
MinimumVisualStudioVersion = 10.0.40219.1
Project("{FAE04EC0-301F-11D3-BF4B-00C04F79EFBC}") = "01. Valid Usernames", "01. Valid Usernames\01. Valid Usernames.csproj", "{1EC03841-12A2-4529-B218-33CB7F594B48}"
EndProject
Project("{FAE04EC0-301F-11D3-BF4B-00C04F79EFBC}") = "02. Character Multiplier", "02. Character Multiplier\02. Character Multiplier.csproj", "{CDEC0470-F6E5-423C-B81C-789BB7EC9901}"
EndProject
Project("{FAE04EC0-301F-11D3-BF4B-00C04F79EFBC}") = "03. Extract File", "03. Extract File\03. Extract File.csproj", "{0EA35232-928C-4D50-A349-3853997B1366}"
EndProject
Project("{FAE04EC0-301F-11D3-BF4B-00C04F79EFBC}") = "04. Caesar Cipher", "04. Caesar Cipher\04. Caesar Cipher.csproj", "{72764067-3799-445E-AAC4-00221EB8A199}"
EndProject
Project("{FAE04EC0-301F-11D3-BF4B-00C04F79EFBC}") = "05. Multiply Big Number", "05. Multiply Big Number\05. Multiply Big Number.csproj", "{EA2246F7-C7B8-40B0-8AFD-FAB7E8117259}"
EndProject
Project("{FAE04EC0-301F-11D3-BF4B-00C04F79EFBC}") = "06. Replace Repeating Chars", "06. Replace Repeating Chars\06. Replace Repeating Chars.csproj", "{E0693420-1EDB-4F2A-B26C-632253CCE54A}"
EndProject
Project("{FAE04EC0-301F-11D3-BF4B-00C04F79EFBC}") = "07. String Explosion", "07. String Explosion\07. String Explosion.csproj", "{D47D7E34-11D8-4B0F-8D45-7F02A34DAAE6}"
EndProject
Global
	GlobalSection(SolutionConfigurationPlatforms) = preSolution
		Debug|Any CPU = Debug|Any CPU
		Release|Any CPU = Release|Any CPU
	EndGlobalSection
	GlobalSection(ProjectConfigurationPlatforms) = postSolution
		{1EC03841-12A2-4529-B218-33CB7F594B48}.Debug|Any CPU.ActiveCfg = Debug|Any CPU
		{1EC03841-12A2-4529-B218-33CB7F594B48}.Debug|Any CPU.Build.0 = Debug|Any CPU
		{1EC03841-12A2-4529-B218-33CB7F594B48}.Release|Any CPU.ActiveCfg = Release|Any CPU
		{1EC03841-12A2-4529-B218-33CB7F594B48}.Release|Any CPU.Build.0 = Release|Any CPU
		{CDEC0470-F6E5-423C-B81C-789BB7EC9901}.Debug|Any CPU.ActiveCfg = Debug|Any CPU
		{CDEC0470-F6E5-423C-B81C-789BB7EC9901}.Debug|Any CPU.Build.0 = Debug|Any CPU
		{CDEC0470-F6E5-423C-B81C-789BB7EC9901}.Release|Any CPU.ActiveCfg = Release|Any CPU
		{CDEC0470-F6E5-423C-B81C-789BB7EC9901}.Release|Any CPU.Build.0 = Release|Any CPU
		{0EA35232-928C-4D50-A349-3853997B1366}.Debug|Any CPU.ActiveCfg = Debug|Any CPU
		{0EA35232-928C-4D50-A349-3853997B1366}.Debug|Any CPU.Build.0 = Debug|Any CPU
		{0EA35232-928C-4D50-A349-3853997B1366}.Release|Any CPU.ActiveCfg = Release|Any CPU
		{0EA35232-928C-4D50-A349-3853997B1366}.Release|Any CPU.Build.0 = Release|Any CPU
		{72764067-3799-445E-AAC4-00221EB8A199}.Debug|Any CPU.ActiveCfg = Debug|Any CPU
		{72764067-3799-445E-AAC4-00221EB8A199}.Debug|Any CPU.Build.0 = Debug|Any CPU
		{72764067-3799-445E-AAC4-00221EB8A199}.Release|Any CPU.ActiveCfg = Release|Any CPU
		{72764067-3799-445E-AAC4-00221EB8A199}.Release|Any CPU.Build.0 = Release|Any CPU
		{EA2246F7-C7B8-40B0-8AFD-FAB7E8117259}.Debug|Any CPU.ActiveCfg = Debug|Any CPU
		{EA2246F7-C7B8-40B0-8AFD-FAB7E8117259}.Debug|Any CPU.Build.0 = Debug|Any CPU
		{EA2246F7-C7B8-40B0-8AFD-FAB7E8117259}.Release|Any CPU.ActiveCfg = Release|Any CPU
		{EA2246F7-C7B8-40B0-8AFD-FAB7E8117259}.Release|Any CPU.Build.0 = Release|Any CPU
		{E0693420-1EDB-4F2A-B26C-632253CCE54A}.Debug|Any CPU.ActiveCfg = Debug|Any CPU
		{E0693420-1EDB-4F2A-B26C-632253CCE54A}.Debug|Any CPU.Build.0 = Debug|Any CPU
		{E0693420-1EDB-4F2A-B26C-632253CCE54A}.Release|Any CPU.ActiveCfg = Release|Any CPU
		{E0693420-1EDB-4F2A-B26C-632253CCE54A}.Release|Any CPU.Build.0 = Release|Any CPU
		{D47D7E34-11D8-4B0F-8D45-7F02A34DAAE6}.Debug|Any CPU.ActiveCfg = Debug|Any CPU
		{D47D7E34-11D8-4B0F-8D45-7F02A34DAAE6}.Debug|Any CPU.Build.0 = Debug|Any CPU
		{D47D7E34-11D8-4B0F-8D45-7F02A34DAAE6}.Release|Any CPU.ActiveCfg = Release|Any CPU
		{D47D7E34-11D8-4B0F-8D45-7F02A34DAAE6}.Release|Any CPU.Build.0 = Release|Any CPU
	EndGlobalSection
	GlobalSection(SolutionProperties) = preSolution
		HideSolutionNode = FALSE
	EndGlobalSection
	GlobalSection(ExtensibilityGlobals) = postSolution
		SolutionGuid = {5DCBE1CC-FEA3-4331-B535-686BF3A48E91}
	EndGlobalSection
EndGlobal
